
Microsoft Visual Studio Solution File, Format Version 12.00
# Visual Studio Version 17
VisualStudioVersion = 17.1.32228.430
MinimumVisualStudioVersion = 10.0.40219.1
Project("{8BC9CEB8-8B4A-11D0-8D11-00A0C91BC942}") = "ConsoleApplication1", "ConsoleApplication1\ConsoleApplication1.vcxproj", "{A1A3134B-E739-438E-A02C-1E22F967FDBA}"
EndProject
Project("{8BC9CEB8-8B4A-11D0-8D11-00A0C91BC942}") = "ConsoleApplication2", "ConsoleApplication2\ConsoleApplication2.vcxproj", "{726C3727-84F1-4C0B-BE90-380FDE6422D6}"
EndProject
Project("{8BC9CEB8-8B4A-11D0-8D11-00A0C91BC942}") = "Network", "Network\Network.vcxproj", "{ABB0E7F2-E9C6-4C66-A2BE-867C1A15854D}"
EndProject
Project("{8BC9CEB8-8B4A-11D0-8D11-00A0C91BC942}") = "WFP", "WFP\WFP.vcxproj", "{6341B92A-44D8-4E06-A712-F3E65A026AA9}"
EndProject
Project("{8BC9CEB8-8B4A-11D0-8D11-00A0C91BC942}") = "MinHookDll", "MinHookDll\MinHookDll.vcxproj", "{5528FBAB-3ACA-4837-B7A3-ED9208BB5803}"
EndProject
Project("{8BC9CEB8-8B4A-11D0-8D11-00A0C91BC942}") = "test", "test\test.vcxproj", "{A2B20668-717F-464F-92C8-24E19A44B58B}"
EndProject
Project("{8BC9CEB8-8B4A-11D0-8D11-00A0C91BC942}") = "DetoursTest", "DetoursTest\DetoursTest.vcxproj", "{393FB5FA-3192-46F4-88AD-EE29D21F2C65}"
EndProject
Project("{8BC9CEB8-8B4A-11D0-8D11-00A0C91BC942}") = "DetoursTestDll", "DetoursTestDll\DetoursTestDll.vcxproj", "{97E82888-EE59-4F39-B0B8-E9C5E18E4282}"
EndProject
Global
	GlobalSection(SolutionConfigurationPlatforms) = preSolution
		Debug|x64 = Debug|x64
		Debug|x86 = Debug|x86
		Release|x64 = Release|x64
		Release|x86 = Release|x86
	EndGlobalSection
	GlobalSection(ProjectConfigurationPlatforms) = postSolution
		{A1A3134B-E739-438E-A02C-1E22F967FDBA}.Debug|x64.ActiveCfg = Debug|x64
		{A1A3134B-E739-438E-A02C-1E22F967FDBA}.Debug|x64.Build.0 = Debug|x64
		{A1A3134B-E739-438E-A02C-1E22F967FDBA}.Debug|x86.ActiveCfg = Debug|Win32
		{A1A3134B-E739-438E-A02C-1E22F967FDBA}.Debug|x86.Build.0 = Debug|Win32
		{A1A3134B-E739-438E-A02C-1E22F967FDBA}.Release|x64.ActiveCfg = Release|x64
		{A1A3134B-E739-438E-A02C-1E22F967FDBA}.Release|x64.Build.0 = Release|x64
		{A1A3134B-E739-438E-A02C-1E22F967FDBA}.Release|x86.ActiveCfg = Release|Win32
		{A1A3134B-E739-438E-A02C-1E22F967FDBA}.Release|x86.Build.0 = Release|Win32
		{726C3727-84F1-4C0B-BE90-380FDE6422D6}.Debug|x64.ActiveCfg = Debug|x64
		{726C3727-84F1-4C0B-BE90-380FDE6422D6}.Debug|x64.Build.0 = Debug|x64
		{726C3727-84F1-4C0B-BE90-380FDE6422D6}.Debug|x86.ActiveCfg = Debug|Win32
		{726C3727-84F1-4C0B-BE90-380FDE6422D6}.Debug|x86.Build.0 = Debug|Win32
		{726C3727-84F1-4C0B-BE90-380FDE6422D6}.Release|x64.ActiveCfg = Release|x64
		{726C3727-84F1-4C0B-BE90-380FDE6422D6}.Release|x64.Build.0 = Release|x64
		{726C3727-84F1-4C0B-BE90-380FDE6422D6}.Release|x86.ActiveCfg = Release|Win32
		{726C3727-84F1-4C0B-BE90-380FDE6422D6}.Release|x86.Build.0 = Release|Win32
		{ABB0E7F2-E9C6-4C66-A2BE-867C1A15854D}.Debug|x64.ActiveCfg = Debug|x64
		{ABB0E7F2-E9C6-4C66-A2BE-867C1A15854D}.Debug|x64.Build.0 = Debug|x64
		{ABB0E7F2-E9C6-4C66-A2BE-867C1A15854D}.Debug|x86.ActiveCfg = Debug|Win32
		{ABB0E7F2-E9C6-4C66-A2BE-867C1A15854D}.Debug|x86.Build.0 = Debug|Win32
		{ABB0E7F2-E9C6-4C66-A2BE-867C1A15854D}.Release|x64.ActiveCfg = Release|x64
		{ABB0E7F2-E9C6-4C66-A2BE-867C1A15854D}.Release|x64.Build.0 = Release|x64
		{ABB0E7F2-E9C6-4C66-A2BE-867C1A15854D}.Release|x86.ActiveCfg = Release|Win32
		{ABB0E7F2-E9C6-4C66-A2BE-867C1A15854D}.Release|x86.Build.0 = Release|Win32
		{6341B92A-44D8-4E06-A712-F3E65A026AA9}.Debug|x64.ActiveCfg = Debug|x64
		{6341B92A-44D8-4E06-A712-F3E65A026AA9}.Debug|x64.Build.0 = Debug|x64
		{6341B92A-44D8-4E06-A712-F3E65A026AA9}.Debug|x86.ActiveCfg = Debug|Win32
		{6341B92A-44D8-4E06-A712-F3E65A026AA9}.Debug|x86.Build.0 = Debug|Win32
		{6341B92A-44D8-4E06-A712-F3E65A026AA9}.Release|x64.ActiveCfg = Release|x64
		{6341B92A-44D8-4E06-A712-F3E65A026AA9}.Release|x64.Build.0 = Release|x64
		{6341B92A-44D8-4E06-A712-F3E65A026AA9}.Release|x86.ActiveCfg = Release|Win32
		{6341B92A-44D8-4E06-A712-F3E65A026AA9}.Release|x86.Build.0 = Release|Win32
		{5528FBAB-3ACA-4837-B7A3-ED9208BB5803}.Debug|x64.ActiveCfg = Debug|x64
		{5528FBAB-3ACA-4837-B7A3-ED9208BB5803}.Debug|x64.Build.0 = Debug|x64
		{5528FBAB-3ACA-4837-B7A3-ED9208BB5803}.Debug|x86.ActiveCfg = Debug|Win32
		{5528FBAB-3ACA-4837-B7A3-ED9208BB5803}.Debug|x86.Build.0 = Debug|Win32
		{5528FBAB-3ACA-4837-B7A3-ED9208BB5803}.Release|x64.ActiveCfg = Release|x64
		{5528FBAB-3ACA-4837-B7A3-ED9208BB5803}.Release|x64.Build.0 = Release|x64
		{5528FBAB-3ACA-4837-B7A3-ED9208BB5803}.Release|x86.ActiveCfg = Release|Win32
		{5528FBAB-3ACA-4837-B7A3-ED9208BB5803}.Release|x86.Build.0 = Release|Win32
		{A2B20668-717F-464F-92C8-24E19A44B58B}.Debug|x64.ActiveCfg = Debug|x64
		{A2B20668-717F-464F-92C8-24E19A44B58B}.Debug|x64.Build.0 = Debug|x64
		{A2B20668-717F-464F-92C8-24E19A44B58B}.Debug|x86.ActiveCfg = Debug|Win32
		{A2B20668-717F-464F-92C8-24E19A44B58B}.Debug|x86.Build.0 = Debug|Win32
		{A2B20668-717F-464F-92C8-24E19A44B58B}.Release|x64.ActiveCfg = Release|x64
		{A2B20668-717F-464F-92C8-24E19A44B58B}.Release|x64.Build.0 = Release|x64
		{A2B20668-717F-464F-92C8-24E19A44B58B}.Release|x86.ActiveCfg = Release|Win32
		{A2B20668-717F-464F-92C8-24E19A44B58B}.Release|x86.Build.0 = Release|Win32
		{393FB5FA-3192-46F4-88AD-EE29D21F2C65}.Debug|x64.ActiveCfg = Debug|x64
		{393FB5FA-3192-46F4-88AD-EE29D21F2C65}.Debug|x64.Build.0 = Debug|x64
		{393FB5FA-3192-46F4-88AD-EE29D21F2C65}.Debug|x86.ActiveCfg = Debug|Win32
		{393FB5FA-3192-46F4-88AD-EE29D21F2C65}.Debug|x86.Build.0 = Debug|Win32
		{393FB5FA-3192-46F4-88AD-EE29D21F2C65}.Release|x64.ActiveCfg = Release|x64
		{393FB5FA-3192-46F4-88AD-EE29D21F2C65}.Release|x64.Build.0 = Release|x64
		{393FB5FA-3192-46F4-88AD-EE29D21F2C65}.Release|x86.ActiveCfg = Release|Win32
		{393FB5FA-3192-46F4-88AD-EE29D21F2C65}.Release|x86.Build.0 = Release|Win32
		{97E82888-EE59-4F39-B0B8-E9C5E18E4282}.Debug|x64.ActiveCfg = Debug|x64
		{97E82888-EE59-4F39-B0B8-E9C5E18E4282}.Debug|x64.Build.0 = Debug|x64
		{97E82888-EE59-4F39-B0B8-E9C5E18E4282}.Debug|x86.ActiveCfg = Debug|Win32
		{97E82888-EE59-4F39-B0B8-E9C5E18E4282}.Debug|x86.Build.0 = Debug|Win32
		{97E82888-EE59-4F39-B0B8-E9C5E18E4282}.Release|x64.ActiveCfg = Release|x64
		{97E82888-EE59-4F39-B0B8-E9C5E18E4282}.Release|x64.Build.0 = Release|x64
		{97E82888-EE59-4F39-B0B8-E9C5E18E4282}.Release|x86.ActiveCfg = Release|Win32
		{97E82888-EE59-4F39-B0B8-E9C5E18E4282}.Release|x86.Build.0 = Release|Win32
	EndGlobalSection
	GlobalSection(SolutionProperties) = preSolution
		HideSolutionNode = FALSE
	EndGlobalSection
	GlobalSection(ExtensibilityGlobals) = postSolution
		SolutionGuid = {23573779-CA02-4AE1-A841-A30E62A10419}
	EndGlobalSection
EndGlobal
